
Microsoft Visual Studio Solution File, Format Version 12.00
# Visual Studio Version 17
VisualStudioVersion = 17.14.36616.10
MinimumVisualStudioVersion = 10.0.40219.1
Project("{FAE04EC0-301F-11D3-BF4B-00C04F79EFBC}") = "CarRentalManagement", "CarRentalManagement\CarRentalManagement.csproj", "{22ACC07B-5121-4D12-A0A9-764E482055DB}"
EndProject
Global
	GlobalSection(SolutionConfigurationPlatforms) = preSolution
		Debug|Any CPU = Debug|Any CPU
		Release|Any CPU = Release|Any CPU
	EndGlobalSection
	GlobalSection(ProjectConfigurationPlatforms) = postSolution
		{22ACC07B-5121-4D12-A0A9-764E482055DB}.Debug|Any CPU.ActiveCfg = Debug|Any CPU
		{22ACC07B-5121-4D12-A0A9-764E482055DB}.Debug|Any CPU.Build.0 = Debug|Any CPU
		{22ACC07B-5121-4D12-A0A9-764E482055DB}.Release|Any CPU.ActiveCfg = Release|Any CPU
		{22ACC07B-5121-4D12-A0A9-764E482055DB}.Release|Any CPU.Build.0 = Release|Any CPU
	EndGlobalSection
	GlobalSection(SolutionProperties) = preSolution
		HideSolutionNode = FALSE
	EndGlobalSection
	GlobalSection(ExtensibilityGlobals) = postSolution
		SolutionGuid = {784F0526-9CFB-4AC7-82C6-6436AC088502}
	EndGlobalSection
EndGlobal
